Microsoft Visual Studio Solution File, Format Version 12.00
# Visual Studio Version 16
VisualStudioVersion = 16.0.810.2
MinimumVisualStudioVersion = 10.0.40219.1
Project("{FAE04EC0-301F-11D3-BF4B-00C04F79EFBC}") = "TravelTracker", "TravelTracker\TravelTracker.csproj", "{82F782E2-8AF7-44E2-A9E4-456888F157D0}"
EndProject
Project("{FAE04EC0-301F-11D3-BF4B-00C04F79EFBC}") = "Tests", "Tests\Tests.csproj", "{FF23D49D-EF05-4840-953F-DD14755ADFDD}"
EndProject
Global
	GlobalSection(SolutionConfigurationPlatforms) = preSolution
		Debug|Any CPU = Debug|Any CPU
		Release|Any CPU = Release|Any CPU
	EndGlobalSection
	GlobalSection(ProjectConfigurationPlatforms) = postSolution
		{82F782E2-8AF7-44E2-A9E4-456888F157D0}.Debug|Any CPU.ActiveCfg = Debug|Any CPU
		{82F782E2-8AF7-44E2-A9E4-456888F157D0}.Debug|Any CPU.Build.0 = Debug|Any CPU
		{82F782E2-8AF7-44E2-A9E4-456888F157D0}.Release|Any CPU.ActiveCfg = Release|Any CPU
		{82F782E2-8AF7-44E2-A9E4-456888F157D0}.Release|Any CPU.Build.0 = Release|Any CPU
		{FF23D49D-EF05-4840-953F-DD14755ADFDD}.Debug|Any CPU.ActiveCfg = Debug|Any CPU
		{FF23D49D-EF05-4840-953F-DD14755ADFDD}.Debug|Any CPU.Build.0 = Debug|Any CPU
		{FF23D49D-EF05-4840-953F-DD14755ADFDD}.Release|Any CPU.ActiveCfg = Release|Any CPU
		{FF23D49D-EF05-4840-953F-DD14755ADFDD}.Release|Any CPU.Build.0 = Release|Any CPU
	EndGlobalSection
	GlobalSection(SolutionProperties) = preSolution
		HideSolutionNode = FALSE
	EndGlobalSection
	GlobalSection(ExtensibilityGlobals) = postSolution
		SolutionGuid = {60D39D6E-2E4C-4F98-8745-2E92A1397E14}
	EndGlobalSection
EndGlobal
